
Microsoft Visual Studio Solution File, Format Version 12.00
# Visual Studio Version 17
VisualStudioVersion = 17.10.34916.146
MinimumVisualStudioVersion = 10.0.40219.1
Project("{9A19103F-16F7-4668-BE54-9A1E7A4F7556}") = "DbContextDbSet", "DbContextDbSet\DbContextDbSet.csproj", "{31494FD4-129A-44C3-A159-EE7CC5E83030}"
EndProject
Project("{9A19103F-16F7-4668-BE54-9A1E7A4F7556}") = "RelationsEFCore", "RelationsEFCore\RelationsEFCore.csproj", "{7FC67117-DC18-4F97-84B3-A27619E4CBBD}"
EndProject
Project("{FAE04EC0-301F-11D3-BF4B-00C04F79EFBC}") = "ManyToManyEFCore", "ManyToManyEFCore\ManyToManyEFCore.csproj", "{7A15A1E2-39D5-4344-8F0E-430BBBE3AA0B}"
EndProject
Project("{FAE04EC0-301F-11D3-BF4B-00C04F79EFBC}") = "DataAnnotationAndFluentApi", "DataAnnotationAndFluentApi\DataAnnotationAndFluentApi.csproj", "{DF7F8184-AEBC-45E2-BF6D-51025EA6C0AD}"
EndProject
Global
	GlobalSection(SolutionConfigurationPlatforms) = preSolution
		Debug|Any CPU = Debug|Any CPU
		Release|Any CPU = Release|Any CPU
	EndGlobalSection
	GlobalSection(ProjectConfigurationPlatforms) = postSolution
		{31494FD4-129A-44C3-A159-EE7CC5E83030}.Debug|Any CPU.ActiveCfg = Debug|Any CPU
		{31494FD4-129A-44C3-A159-EE7CC5E83030}.Debug|Any CPU.Build.0 = Debug|Any CPU
		{31494FD4-129A-44C3-A159-EE7CC5E83030}.Release|Any CPU.ActiveCfg = Release|Any CPU
		{31494FD4-129A-44C3-A159-EE7CC5E83030}.Release|Any CPU.Build.0 = Release|Any CPU
		{7FC67117-DC18-4F97-84B3-A27619E4CBBD}.Debug|Any CPU.ActiveCfg = Debug|Any CPU
		{7FC67117-DC18-4F97-84B3-A27619E4CBBD}.Debug|Any CPU.Build.0 = Debug|Any CPU
		{7FC67117-DC18-4F97-84B3-A27619E4CBBD}.Release|Any CPU.ActiveCfg = Release|Any CPU
		{7FC67117-DC18-4F97-84B3-A27619E4CBBD}.Release|Any CPU.Build.0 = Release|Any CPU
		{7A15A1E2-39D5-4344-8F0E-430BBBE3AA0B}.Debug|Any CPU.ActiveCfg = Debug|Any CPU
		{7A15A1E2-39D5-4344-8F0E-430BBBE3AA0B}.Debug|Any CPU.Build.0 = Debug|Any CPU
		{7A15A1E2-39D5-4344-8F0E-430BBBE3AA0B}.Release|Any CPU.ActiveCfg = Release|Any CPU
		{7A15A1E2-39D5-4344-8F0E-430BBBE3AA0B}.Release|Any CPU.Build.0 = Release|Any CPU
		{DF7F8184-AEBC-45E2-BF6D-51025EA6C0AD}.Debug|Any CPU.ActiveCfg = Debug|Any CPU
		{DF7F8184-AEBC-45E2-BF6D-51025EA6C0AD}.Debug|Any CPU.Build.0 = Debug|Any CPU
		{DF7F8184-AEBC-45E2-BF6D-51025EA6C0AD}.Release|Any CPU.ActiveCfg = Release|Any CPU
		{DF7F8184-AEBC-45E2-BF6D-51025EA6C0AD}.Release|Any CPU.Build.0 = Release|Any CPU
	EndGlobalSection
	GlobalSection(SolutionProperties) = preSolution
		HideSolutionNode = FALSE
	EndGlobalSection
	GlobalSection(ExtensibilityGlobals) = postSolution
		SolutionGuid = {C137D1A0-A920-4762-9A0D-B79FF83C9EEC}
	EndGlobalSection
EndGlobal
